// !$*UTF8*$!
{
	archiveVersion = 1;
	classes = {
	};
	objectVersion = 46;
	objects = {

/* Begin PBXBuildFile section */
		36A95A641B5CB36F00DC67F2 /* main.m in Sources */ = {isa = PBXBuildFile; fileRef = 36A95A631B5CB36F00DC67F2 /* main.m */; };
		36A95A671B5CB36F00DC67F2 /* AppDelegate.m in Sources */ = {isa = PBXBuildFile; fileRef = 36A95A661B5CB36F00DC67F2 /* AppDelegate.m */; };
		36A95A6A1B5CB36F00DC67F2 /* ViewController.m in Sources */ = {isa = PBXBuildFile; fileRef = 36A95A691B5CB36F00DC67F2 /* ViewController.m */; };
		36A95A6D1B5CB36F00DC67F2 /* Main.storyboard in Resources */ = {isa = PBXBuildFile; fileRef = 36A95A6B1B5CB36F00DC67F2 /* Main.storyboard */; };
		36A95A6F1B5CB36F00DC67F2 /* Images.xcassets in Resources */ = {isa = PBXBuildFile; fileRef = 36A95A6E1B5CB36F00DC67F2 /* Images.xcassets */; };
		36A95A721B5CB36F00DC67F2 /* LaunchScreen.xib in Resources */ = {isa = PBXBuildFile; fileRef = 36A95A701B5CB36F00DC67F2 /* LaunchScreen.xib */; };
		36A95A7E1B5CB36F00DC67F2 /* AppotaADSampleTests.m in Sources */ = {isa = PBXBuildFile; fileRef = 36A95A7D1B5CB36F00DC67F2 /* AppotaADSampleTests.m */; };
		36A95A8C1B5CB3E600DC67F2 /* AdSupport.framework in Frameworks */ = {isa = PBXBuildFile; fileRef = 36A95A8B1B5CB3E600DC67F2 /* AdSupport.framework */; };
		36A95A8E1B5CB3EE00DC67F2 /* SystemConfiguration.framework in Frameworks */ = {isa = PBXBuildFile; fileRef = 36A95A8D1B5CB3EE00DC67F2 /* SystemConfiguration.framework */; };
		36A95A901B5CB3F800DC67F2 /* StoreKit.framework in Frameworks */ = {isa = PBXBuildFile; fileRef = 36A95A8F1B5CB3F800DC67F2 /* StoreKit.framework */; };
		36A95A921B5CC23500DC67F2 /* ImageIO.framework in Frameworks */ = {isa = PBXBuildFile; fileRef = 36A95A911B5CC23500DC67F2 /* ImageIO.framework */; };
		36A95A971B5CC60000DC67F2 /* AppotaADBundle.bundle in Resources */ = {isa = PBXBuildFile; fileRef = 36A95A951B5CC60000DC67F2 /* AppotaADBundle.bundle */; };
		36A95A981B5CC60000DC67F2 /* AppotaADSDK.framework in Frameworks */ = {isa = PBXBuildFile; fileRef = 36A95A961B5CC60000DC67F2 /* AppotaADSDK.framework */; };
/* End PBXBuildFile section */

/* Begin PBXContainerItemProxy section */
		36A95A781B5CB36F00DC67F2 /* PBXContainerItemProxy */ = {
			isa = PBXContainerItemProxy;
			containerPortal = 36A95A561B5CB36E00DC67F2 /* Project object */;
			proxyType = 1;
			remoteGlobalIDString = 36A95A5D1B5CB36E00DC67F2;
			remoteInfo = AppotaADSample;
		};
/* End PBXContainerItemProxy section */

/* Begin PBXFileReference section */
		36A95A5E1B5CB36E00DC67F2 /* AppotaADSample.app */ = {isa = PBXFileReference; explicitFileType = wrapper.application; includeInIndex = 0; path = AppotaADSample.app; sourceTree = BUILT_PRODUCTS_DIR; };
		36A95A621B5CB36F00DC67F2 /* Info.plist */ = {isa = PBXFileReference; lastKnownFileType = text.plist.xml; path = Info.plist; sourceTree = "<group>"; };
		36A95A631B5CB36F00DC67F2 /* main.m */ = {isa = PBXFileReference; lastKnownFileType = sourcecode.c.objc; path = main.m; sourceTree = "<group>"; };
		36A95A651B5CB36F00DC67F2 /* AppDelegate.h */ = {isa = PBXFileReference; lastKnownFileType = sourcecode.c.h; path = AppDelegate.h; sourceTree = "<group>"; };
		36A95A661B5CB36F00DC67F2 /* AppDelegate.m */ = {isa = PBXFileReference; lastKnownFileType = sourcecode.c.objc; path = AppDelegate.m; sourceTree = "<group>"; };
		36A95A681B5CB36F00DC67F2 /* ViewController.h */ = {isa = PBXFileReference; lastKnownFileType = sourcecode.c.h; path = ViewController.h; sourceTree = "<group>"; };
		36A95A691B5CB36F00DC67F2 /* ViewController.m */ = {isa = PBXFileReference; lastKnownFileType = sourcecode.c.objc; path = ViewController.m; sourceTree = "<group>"; };
		36A95A6C1B5CB36F00DC67F2 /* Base */ = {isa = PBXFileReference; lastKnownFileType = file.storyboard; name = Base; path = Base.lproj/Main.storyboard; sourceTree = "<group>"; };
		36A95A6E1B5CB36F00DC67F2 /* Images.xcassets */ = {isa = PBXFileReference; lastKnownFileType = folder.assetcatalog; path = Images.xcassets; sourceTree = "<group>"; };
		36A95A711B5CB36F00DC67F2 /* Base */ = {isa = PBXFileReference; lastKnownFileType = file.xib; name = Base; path = Base.lproj/LaunchScreen.xib; sourceTree = "<group>"; };
		36A95A771B5CB36F00DC67F2 /* AppotaADSampleTests.xctest */ = {isa = PBXFileReference; explicitFileType = wrapper.cfbundle; includeInIndex = 0; path = AppotaADSampleTests.xctest; sourceTree = BUILT_PRODUCTS_DIR; };
		36A95A7C1B5CB36F00DC67F2 /* Info.plist */ = {isa = PBXFileReference; lastKnownFileType = text.plist.xml; path = Info.plist; sourceTree = "<group>"; };
		36A95A7D1B5CB36F00DC67F2 /* AppotaADSampleTests.m */ = {isa = PBXFileReference; lastKnownFileType = sourcecode.c.objc; path = AppotaADSampleTests.m; sourceTree = "<group>"; };
		36A95A8B1B5CB3E600DC67F2 /* AdSupport.framework */ = {isa = PBXFileReference; lastKnownFileType = wrapper.framework; name = AdSupport.framework; path = System/Library/Frameworks/AdSupport.framework; sourceTree = SDKROOT; };
		36A95A8D1B5CB3EE00DC67F2 /* SystemConfiguration.framework */ = {isa = PBXFileReference; lastKnownFileType = wrapper.framework; name = SystemConfiguration.framework; path = System/Library/Frameworks/SystemConfiguration.framework; sourceTree = SDKROOT; };
		36A95A8F1B5CB3F800DC67F2 /* StoreKit.framework */ = {isa = PBXFileReference; lastKnownFileType = wrapper.framework; name = StoreKit.framework; path = System/Library/Frameworks/StoreKit.framework; sourceTree = SDKROOT; };
		36A95A911B5CC23500DC67F2 /* ImageIO.framework */ = {isa = PBXFileReference; lastKnownFileType = wrapper.framework; name = ImageIO.framework; path = System/Library/Frameworks/ImageIO.framework; sourceTree = SDKROOT; };
		36A95A951B5CC60000DC67F2 /* AppotaADBundle.bundle */ = {isa = PBXFileReference; lastKnownFileType = "wrapper.plug-in"; path = AppotaADBundle.bundle; sourceTree = "<group>"; };
		36A95A961B5CC60000DC67F2 /* AppotaADSDK.framework */ = {isa = PBXFileReference; lastKnownFileType = wrapper.framework; path = AppotaADSDK.framework; sourceTree = "<group>"; };
/* End PBXFileReference section */

/* Begin PBXFrameworksBuildPhase section */
		36A95A5B1B5CB36E00DC67F2 /* Frameworks */ = {
			isa = PBXFrameworksBuildPhase;
			buildActionMask = 2147483647;
			files = (
				36A95A921B5CC23500DC67F2 /* ImageIO.framework in Frameworks */,
				36A95A901B5CB3F800DC67F2 /* StoreKit.framework in Frameworks */,
				36A95A8E1B5CB3EE00DC67F2 /* SystemConfiguration.framework in Frameworks */,
				36A95A981B5CC60000DC67F2 /* AppotaADSDK.framework in Frameworks */,
				36A95A8C1B5CB3E600DC67F2 /* AdSupport.framework in Frameworks */,
			);
			runOnlyForDeploymentPostprocessing = 0;
		};
		36A95A741B5CB36F00DC67F2 /* Frameworks */ = {
			isa = PBXFrameworksBuildPhase;
			buildActionMask = 2147483647;
			files = (
			);
			runOnlyForDeploymentPostprocessing = 0;
		};
/* End PBXFrameworksBuildPhase section */

/* Begin PBXGroup section */
		36A95A551B5CB36E00DC67F2 = {
			isa = PBXGroup;
			children = (
				36A95A601B5CB36E00DC67F2 /* AppotaADSample */,
				36A95A7A1B5CB36F00DC67F2 /* AppotaADSampleTests */,
				36A95A5F1B5CB36E00DC67F2 /* Products */,
			);
			sourceTree = "<group>";
		};
		36A95A5F1B5CB36E00DC67F2 /* Products */ = {
			isa = PBXGroup;
			children = (
				36A95A5E1B5CB36E00DC67F2 /* AppotaADSample.app */,
				36A95A771B5CB36F00DC67F2 /* AppotaADSampleTests.xctest */,
			);
			name = Products;
			sourceTree = "<group>";
		};
		36A95A601B5CB36E00DC67F2 /* AppotaADSample */ = {
			isa = PBXGroup;
			children = (
				36A95A951B5CC60000DC67F2 /* AppotaADBundle.bundle */,
				36A95A961B5CC60000DC67F2 /* AppotaADSDK.framework */,
				36A95A911B5CC23500DC67F2 /* ImageIO.framework */,
				36A95A8F1B5CB3F800DC67F2 /* StoreKit.framework */,
				36A95A8B1B5CB3E600DC67F2 /* AdSupport.framework */,
				36A95A8D1B5CB3EE00DC67F2 /* SystemConfiguration.framework */,
				36A95A651B5CB36F00DC67F2 /* AppDelegate.h */,
				36A95A661B5CB36F00DC67F2 /* AppDelegate.m */,
				36A95A681B5CB36F00DC67F2 /* ViewController.h */,
				36A95A691B5CB36F00DC67F2 /* ViewController.m */,
				36A95A6B1B5CB36F00DC67F2 /* Main.storyboard */,
				36A95A6E1B5CB36F00DC67F2 /* Images.xcassets */,
				36A95A701B5CB36F00DC67F2 /* LaunchScreen.xib */,
				36A95A611B5CB36F00DC67F2 /* Supporting Files */,
			);
			path = AppotaADSample;
			sourceTree = "<group>";
		};
		36A95A611B5CB36F00DC67F2 /* Supporting Files */ = {
			isa = PBXGroup;
			children = (
				36A95A621B5CB36F00DC67F2 /* Info.plist */,
				36A95A631B5CB36F00DC67F2 /* main.m */,
			);
			name = "Supporting Files";
			sourceTree = "<group>";
		};
		36A95A7A1B5CB36F00DC67F2 /* AppotaADSampleTests */ = {
			isa = PBXGroup;
			children = (
				36A95A7D1B5CB36F00DC67F2 /* AppotaADSampleTests.m */,
				36A95A7B1B5CB36F00DC67F2 /* Supporting Files */,
			);
			path = AppotaADSampleTests;
			sourceTree = "<group>";
		};
		36A95A7B1B5CB36F00DC67F2 /* Supporting Files */ = {
			isa = PBXGroup;
			children = (
				36A95A7C1B5CB36F00DC67F2 /* Info.plist */,
			);
			name = "Supporting Files";
			sourceTree = "<group>";
		};
/* End PBXGroup section */

/* Begin PBXNativeTarget section */
		36A95A5D1B5CB36E00DC67F2 /* AppotaADSample */ = {
			isa = PBXNativeTarget;
			buildConfigurationList = 36A95A811B5CB36F00DC67F2 /* Build configuration list for PBXNativeTarget "AppotaADSample" */;
			buildPhases = (
				36A95A5A1B5CB36E00DC67F2 /* Sources */,
				36A95A5B1B5CB36E00DC67F2 /* Frameworks */,
				36A95A5C1B5CB36E00DC67F2 /* Resources */,
			);
			buildRules = (
			);
			dependencies = (
			);
			name = AppotaADSample;
			productName = AppotaADSample;
			productReference = 36A95A5E1B5CB36E00DC67F2 /* AppotaADSample.app */;
			productType = "com.apple.product-type.application";
		};
		36A95A761B5CB36F00DC67F2 /* AppotaADSampleTests */ = {
			isa = PBXNativeTarget;
			buildConfigurationList = 36A95A841B5CB36F00DC67F2 /* Build configuration list for PBXNativeTarget "AppotaADSampleTests" */;
			buildPhases = (
				36A95A731B5CB36F00DC67F2 /* Sources */,
				36A95A741B5CB36F00DC67F2 /* Frameworks */,
				36A95A751B5CB36F00DC67F2 /* Resources */,
			);
			buildRules = (
			);
			dependencies = (
				36A95A791B5CB36F00DC67F2 /* PBXTargetDependency */,
			);
			name = AppotaADSampleTests;
			productName = AppotaADSampleTests;
			productReference = 36A95A771B5CB36F00DC67F2 /* AppotaADSampleTests.xctest */;
			productType = "com.apple.product-type.bundle.unit-test";
		};
/* End PBXNativeTarget section */

/* Begin PBXProject section */
		36A95A561B5CB36E00DC67F2 /* Project object */ = {
			isa = PBXProject;
			attributes = {
				LastUpgradeCheck = 0610;
				ORGANIZATIONNAME = appota;
				TargetAttributes = {
					36A95A5D1B5CB36E00DC67F2 = {
						CreatedOnToolsVersion = 6.1;
					};
					36A95A761B5CB36F00DC67F2 = {
						CreatedOnToolsVersion = 6.1;
						TestTargetID = 36A95A5D1B5CB36E00DC67F2;
					};
				};
			};
			buildConfigurationList = 36A95A591B5CB36E00DC67F2 /* Build configuration list for PBXProject "AppotaADSample" */;
			compatibilityVersion = "Xcode 3.2";
			developmentRegion = English;
			hasScannedForEncodings = 0;
			knownRegions = (
				en,
				Base,
			);
			mainGroup = 36A95A551B5CB36E00DC67F2;
			productRefGroup = 36A95A5F1B5CB36E00DC67F2 /* Products */;
			projectDirPath = "";
			projectRoot = "";
			targets = (
				36A95A5D1B5CB36E00DC67F2 /* AppotaADSample */,
				36A95A761B5CB36F00DC67F2 /* AppotaADSampleTests */,
			);
		};
/* End PBXProject section */

/* Begin PBXResourcesBuildPhase section */
		36A95A5C1B5CB36E00DC67F2 /* Resources */ = {
			isa = PBXResourcesBuildPhase;
			buildActionMask = 2147483647;
			files = (
				36A95A6D1B5CB36F00DC67F2 /* Main.storyboard in Resources */,
				36A95A971B5CC60000DC67F2 /* AppotaADBundle.bundle in Resources */,
				36A95A721B5CB36F00DC67F2 /* LaunchScreen.xib in Resources */,
				36A95A6F1B5CB36F00DC67F2 /* Images.xcassets in Resources */,
			);
			runOnlyForDeploymentPostprocessing = 0;
		};
		36A95A751B5CB36F00DC67F2 /* Resources */ = {
			isa = PBXResourcesBuildPhase;
			buildActionMask = 2147483647;
			files = (
			);
			runOnlyForDeploymentPostprocessing = 0;
		};
/* End PBXResourcesBuildPhase section */

/* Begin PBXSourcesBuildPhase section */
		36A95A5A1B5CB36E00DC67F2 /* Sources */ = {
			isa = PBXSourcesBuildPhase;
			buildActionMask = 2147483647;
			files = (
				36A95A6A1B5CB36F00DC67F2 /* ViewController.m in Sources */,
				36A95A671B5CB36F00DC67F2 /* AppDelegate.m in Sources */,
				36A95A641B5CB36F00DC67F2 /* main.m in Sources */,
			);
			runOnlyForDeploymentPostprocessing = 0;
		};
		36A95A731B5CB36F00DC67F2 /* Sources */ = {
			isa = PBXSourcesBuildPhase;
			buildActionMask = 2147483647;
			files = (
				36A95A7E1B5CB36F00DC67F2 /* AppotaADSampleTests.m in Sources */,
			);
			runOnlyForDeploymentPostprocessing = 0;
		};
/* End PBXSourcesBuildPhase section */

/* Begin PBXTargetDependency section */
		36A95A791B5CB36F00DC67F2 /* PBXTargetDependency */ = {
			isa = PBXTargetDependency;
			target = 36A95A5D1B5CB36E00DC67F2 /* AppotaADSample */;
			targetProxy = 36A95A781B5CB36F00DC67F2 /* PBXContainerItemProxy */;
		};
/* End PBXTargetDependency section */

/* Begin PBXVariantGroup section */
		36A95A6B1B5CB36F00DC67F2 /* Main.storyboard */ = {
			isa = PBXVariantGroup;
			children = (
				36A95A6C1B5CB36F00DC67F2 /* Base */,
			);
			name = Main.storyboard;
			sourceTree = "<group>";
		};
		36A95A701B5CB36F00DC67F2 /* LaunchScreen.xib */ = {
			isa = PBXVariantGroup;
			children = (
				36A95A711B5CB36F00DC67F2 /* Base */,
			);
			name = LaunchScreen.xib;
			sourceTree = "<group>";
		};
/* End PBXVariantGroup section */

/* Begin XCBuildConfiguration section */
		36A95A7F1B5CB36F00DC67F2 /* Debug */ = {
			isa = XCBuildConfiguration;
			buildSettings = {
				ALWAYS_SEARCH_USER_PATHS = NO;
				CLANG_CXX_LANGUAGE_STANDARD = "gnu++0x";
				CLANG_CXX_LIBRARY = "libc++";
				CLANG_ENABLE_MODULES = YES;
				CLANG_ENABLE_OBJC_ARC = YES;
				CLANG_WARN_BOOL_CONVERSION = YES;
				CLANG_WARN_CONSTANT_CONVERSION = YES;
				CLANG_WARN_DIRECT_OBJC_ISA_USAGE = YES_ERROR;
				CLANG_WARN_EMPTY_BODY = YES;
				CLANG_WARN_ENUM_CONVERSION = YES;
				CLANG_WARN_INT_CONVERSION = YES;
				CLANG_WARN_OBJC_ROOT_CLASS = YES_ERROR;
				CLANG_WARN_UNREACHABLE_CODE = YES;
				CLANG_WARN__DUPLICATE_METHOD_MATCH = YES;
				"CODE_SIGN_IDENTITY[sdk=iphoneos*]" = "iPhone Developer";
				COPY_PHASE_STRIP = NO;
				ENABLE_STRICT_OBJC_MSGSEND = YES;
				GCC_C_LANGUAGE_STANDARD = gnu99;
				GCC_DYNAMIC_NO_PIC = NO;
				GCC_OPTIMIZATION_LEVEL = 0;
				GCC_PREPROCESSOR_DEFINITIONS = (
					"DEBUG=1",
					"$(inherited)",
				);
				GCC_SYMBOLS_PRIVATE_EXTERN = NO;
				GCC_WARN_64_TO_32_BIT_CONVERSION = YES;
				GCC_WARN_ABOUT_RETURN_TYPE = YES_ERROR;
				GCC_WARN_UNDECLARED_SELECTOR = YES;
				GCC_WARN_UNINITIALIZED_AUTOS = YES_AGGRESSIVE;
				GCC_WARN_UNUSED_FUNCTION = YES;
				GCC_WARN_UNUSED_VARIABLE = YES;
				IPHONEOS_DEPLOYMENT_TARGET = 8.1;
				MTL_ENABLE_DEBUG_INFO = YES;
				ONLY_ACTIVE_ARCH = YES;
				SDKROOT = iphoneos;
			};
			name = Debug;
		};
		36A95A801B5CB36F00DC67F2 /* Release */ = {
			isa = XCBuildConfiguration;
			buildSettings = {
				ALWAYS_SEARCH_USER_PATHS = NO;
				CLANG_CXX_LANGUAGE_STANDARD = "gnu++0x";
				CLANG_CXX_LIBRARY = "libc++";
				CLANG_ENABLE_MODULES = YES;
				CLANG_ENABLE_OBJC_ARC = YES;
				CLANG_WARN_BOOL_CONVERSION = YES;
				CLANG_WARN_CONSTANT_CONVERSION = YES;
				CLANG_WARN_DIRECT_OBJC_ISA_USAGE = YES_ERROR;
				CLANG_WARN_EMPTY_BODY = YES;
				CLANG_WARN_ENUM_CONVERSION = YES;
				CLANG_WARN_INT_CONVERSION = YES;
				CLANG_WARN_OBJC_ROOT_CLASS = YES_ERROR;
				CLANG_WARN_UNREACHABLE_CODE = YES;
				CLANG_WARN__DUPLICATE_METHOD_MATCH = YES;
				"CODE_SIGN_IDENTITY[sdk=iphoneos*]" = "iPhone Developer";
				COPY_PHASE_STRIP = YES;
				ENABLE_NS_ASSERTIONS = NO;
				ENABLE_STRICT_OBJC_MSGSEND = YES;
				GCC_C_LANGUAGE_STANDARD = gnu99;
				GCC_WARN_64_TO_32_BIT_CONVERSION = YES;
				GCC_WARN_ABOUT_RETURN_TYPE = YES_ERROR;
				GCC_WARN_UNDECLARED_SELECTOR = YES;
				GCC_WARN_UNINITIALIZED_AUTOS = YES_AGGRESSIVE;
				GCC_WARN_UNUSED_FUNCTION = YES;
				GCC_WARN_UNUSED_VARIABLE = YES;
				IPHONEOS_DEPLOYMENT_TARGET = 8.1;
				MTL_ENABLE_DEBUG_INFO = NO;
				SDKROOT = iphoneos;
				VALIDATE_PRODUCT = YES;
			};
			name = Release;
		};
		36A95A821B5CB36F00DC67F2 /* Debug */ = {
			isa = XCBuildConfiguration;
			buildSettings = {
				ASSETCATALOG_COMPILER_APPICON_NAME = AppIcon;
				FRAMEWORK_SEARCH_PATHS = (
					"$(inherited)",
					"/Volumes/Data/Work/Deployment/adsota/ios-sdk",
					"$(PROJECT_DIR)/AppotaADSample",
				);
				INFOPLIST_FILE = AppotaADSample/Info.plist;
				IPHONEOS_DEPLOYMENT_TARGET = 6.0;
				LD_RUNPATH_SEARCH_PATHS = "$(inherited) @executable_path/Frameworks";
				OTHER_LDFLAGS = "-ObjC";
				PRODUCT_NAME = "$(TARGET_NAME)";
			};
			name = Debug;
		};
		36A95A831B5CB36F00DC67F2 /* Release */ = {
			isa = XCBuildConfiguration;
			buildSettings = {
				ASSETCATALOG_COMPILER_APPICON_NAME = AppIcon;
				FRAMEWORK_SEARCH_PATHS = (
					"$(inherited)",
					"/Volumes/Data/Work/Deployment/adsota/ios-sdk",
					"$(PROJECT_DIR)/AppotaADSample",
				);
				INFOPLIST_FILE = AppotaADSample/Info.plist;
				IPHONEOS_DEPLOYMENT_TARGET = 6.0;
				LD_RUNPATH_SEARCH_PATHS = "$(inherited) @executable_path/Frameworks";
				OTHER_LDFLAGS = "-ObjC";
				PRODUCT_NAME = "$(TARGET_NAME)";
			};
			name = Release;
		};
		36A95A851B5CB36F00DC67F2 /* Debug */ = {
			isa = XCBuildConfiguration;
			buildSettings = {
				BUNDLE_LOADER = "$(TEST_HOST)";
				FRAMEWORK_SEARCH_PATHS = (
					"$(SDKROOT)/Developer/Library/Frameworks",
					"$(inherited)",
				);
				GCC_PREPROCESSOR_DEFINITIONS = (
					"DEBUG=1",
					"$(inherited)",
				);
				INFOPLIST_FILE = AppotaADSampleTests/Info.plist;
				LD_RUNPATH_SEARCH_PATHS = "$(inherited) @executable_path/Frameworks @loader_path/Frameworks";
				PRODUCT_NAME = "$(TARGET_NAME)";
				TEST_HOST = "$(BUILT_PRODUCTS_DIR)/AppotaADSample.app/AppotaADSample";
			};
			name = Debug;
		};
		36A95A861B5CB36F00DC67F2 /* Release */ = {
			isa = XCBuildConfiguration;
			buildSettings = {
				BUNDLE_LOADER = "$(TEST_HOST)";
				FRAMEWORK_SEARCH_PATHS = (
					"$(SDKROOT)/Developer/Library/Frameworks",
					"$(inherited)",
				);
				INFOPLIST_FILE = AppotaADSampleTests/Info.plist;
				LD_RUNPATH_SEARCH_PATHS = "$(inherited) @executable_path/Frameworks @loader_path/Frameworks";
				PRODUCT_NAME = "$(TARGET_NAME)";
				TEST_HOST = "$(BUILT_PRODUCTS_DIR)/AppotaADSample.app/AppotaADSample";
			};
			name = Release;
		};
/* End XCBuildConfiguration section */

/* Begin XCConfigurationList section */
		36A95A591B5CB36E00DC67F2 /* Build configuration list for PBXProject "AppotaADSample" */ = {
			isa = XCConfigurationList;
			buildConfigurations = (
				36A95A7F1B5CB36F00DC67F2 /* Debug */,
				36A95A801B5CB36F00DC67F2 /* Release */,
			);
			defaultConfigurationIsVisible = 0;
			defaultConfigurationName = Release;
		};
		36A95A811B5CB36F00DC67F2 /* Build configuration list for PBXNativeTarget "AppotaADSample" */ = {
			isa = XCConfigurationList;
			buildConfigurations = (
				36A95A821B5CB36F00DC67F2 /* Debug */,
				36A95A831B5CB36F00DC67F2 /* Release */,
			);
			defaultConfigurationIsVisible = 0;
			defaultConfigurationName = Release;
		};
		36A95A841B5CB36F00DC67F2 /* Build configuration list for PBXNativeTarget "AppotaADSampleTests" */ = {
			isa = XCConfigurationList;
			buildConfigurations = (
				36A95A851B5CB36F00DC67F2 /* Debug */,
				36A95A861B5CB36F00DC67F2 /* Release */,
			);
			defaultConfigurationIsVisible = 0;
			defaultConfigurationName = Release;
		};
/* End XCConfigurationList section */
	};
	rootObject = 36A95A561B5CB36E00DC67F2 /* Project object */;
}
